<Project xmlns="http://schemas.microsoft.com/developer/msbuild/2003">
    <PropertyGroup>
        <ProjectGuid>{F7D4AD52-9EF8-4D99-993D-C55298733F4F}</ProjectGuid>
        <MainSource>GranVUS.dpr</MainSource>
        <Config Condition="'$(Config)'==''">Debug</Config>
        <DCC_DCCCompiler>DCC32</DCC_DCCCompiler>
        <ProjectVersion>19.2</ProjectVersion>
        <Base>True</Base>
        <AppType>Application</AppType>
        <FrameworkType>VCL</FrameworkType>
        <Platform Condition="'$(Platform)'==''">Win32</Platform>
        <TargetedPlatforms>1</TargetedPlatforms>
    </PropertyGroup>
    <PropertyGroup Condition="'$(Config)'=='Base' or '$(Base)'!=''">
        <Base>true</Base>
    </PropertyGroup>
    <PropertyGroup Condition="('$(Platform)'=='Win32' and '$(Base)'=='true') or '$(Base_Win32)'!=''">
        <Base_Win32>true</Base_Win32>
        <CfgParent>Base</CfgParent>
        <Base>true</Base>
    </PropertyGroup>
    <PropertyGroup Condition="('$(Platform)'=='Win64' and '$(Base)'=='true') or '$(Base_Win64)'!=''">
        <Base_Win64>true</Base_Win64>
        <CfgParent>Base</CfgParent>
        <Base>true</Base>
    </PropertyGroup>
    <PropertyGroup Condition="'$(Config)'=='Release' or '$(Cfg_1)'!=''">
        <Cfg_1>true</Cfg_1>
        <CfgParent>Base</CfgParent>
        <Base>true</Base>
    </PropertyGroup>
    <PropertyGroup Condition="('$(Platform)'=='Win32' and '$(Cfg_1)'=='true') or '$(Cfg_1_Win32)'!=''">
        <Cfg_1_Win32>true</Cfg_1_Win32>
        <CfgParent>Cfg_1</CfgParent>
        <Cfg_1>true</Cfg_1>
        <Base>true</Base>
    </PropertyGroup>
    <PropertyGroup Condition="'$(Config)'=='Debug' or '$(Cfg_2)'!=''">
        <Cfg_2>true</Cfg_2>
        <CfgParent>Base</CfgParent>
        <Base>true</Base>
    </PropertyGroup>
    <PropertyGroup Condition="('$(Platform)'=='Win32' and '$(Cfg_2)'=='true') or '$(Cfg_2_Win32)'!=''">
        <Cfg_2_Win32>true</Cfg_2_Win32>
        <CfgParent>Cfg_2</CfgParent>
        <Cfg_2>true</Cfg_2>
        <Base>true</Base>
    </PropertyGroup>
    <PropertyGroup Condition="'$(Base)'!=''">
        <DCC_DependencyCheckOutputName>C:\Program Files\GranVUS\GranVUS.exe</DCC_DependencyCheckOutputName>
        <DCC_UnitSearchPath>$(DELPHI)\Spy;$(DELPHI)\EkRTF;Common;C:\Program Files\Developer Express Inc\ExpressBars\Delphi 7\Sources;C:\Program Files\Developer Express Inc\ExpressCommon\Delphi 7\Sources;C:\Program Files\Developer Express Inc\ExpressDBTree\Delphi 7\Sources;C:\Program Files\Developer Express Inc\ExpressEditors Library\Delphi 7\Sources;C:\Program Files\Developer Express Inc\ExpressInplaceEditors\Delphi 7\Sources;C:\Program Files\Developer Express Inc\ExpressMemData\Delphi 7\Sources;C:\Program Files\Developer Express Inc\ExpressOrgChart\Delphi 7\Sources;C:\Program Files\Developer Express Inc\ExpressPageControl\Delphi 7\Sources;C:\Program Files\Developer Express Inc\ExpressPrinting System\Delphi 7\Sources;C:\Program Files\Developer Express Inc\ExpressQuantumGrid\Delphi 7\Sources;$(DCC_UnitSearchPath)</DCC_UnitSearchPath>
        <DCC_ImageBase>00400000</DCC_ImageBase>
        <DCC_UsePackage>Vcl50;Vclx50;VclSmp50;Vcldb50;vclado50;ibevnt50;Vclbde50;vcldbx50;Qrpt50;TeeUI50;TeeDB50;Tee50;Dss50;TeeQR50;VCLIB50;Vclmid50;vclie50;Inetdb50;Inet50;NMFast50;webmid50;dclocx50;dclaxserver50;dxEdtrD5;dxcomnD5;EQTLD5;ECQDBCD5;EQDBTLD5;EQGridD5;dxGrEdD5;dxExELD5;dxELibD5;ZCommon5;ZDbware5;ZMsSql5;dxBarD5;dxBarDBNavD5;dxBarExtItemsD5;dxBarExtDBItemsD5;dxsbd5;GLSS_FMOD5;GLSS_BASS5;ANIMATEDFORMD5;vcl;rtl;vclx;VclSmp;dbrtl;dxBarD10;dxBarDBNavD10;vcldb;dclOfficeXP;$(DCC_UsePackage)</DCC_UsePackage>
        <DCC_UNIT_DEPRECATED>false</DCC_UNIT_DEPRECATED>
        <DCC_SYMBOL_PLATFORM>false</DCC_SYMBOL_PLATFORM>
        <DCC_Define>BackDoors_;$(DCC_Define)</DCC_Define>
        <DCC_ExeOutput>C:\Program Files\GranVUS</DCC_ExeOutput>
        <DCC_Platform>x86</DCC_Platform>
        <DCC_F>false</DCC_F>
        <DCC_E>false</DCC_E>
        <DCC_K>false</DCC_K>
        <DCC_S>false</DCC_S>
        <DCC_N>true</DCC_N>
        <DCC_SYMBOL_DEPRECATED>false</DCC_SYMBOL_DEPRECATED>
        <DCC_WriteableConstants>true</DCC_WriteableConstants>
        <DCC_SymbolReferenceInfo>1</DCC_SymbolReferenceInfo>
        <DCC_DcuOutput>DCU</DCC_DcuOutput>
        <DCC_UNIT_PLATFORM>false</DCC_UNIT_PLATFORM>
        <SanitizedProjectName>GranVUS</SanitizedProjectName>
        <DCC_Namespace>Vcl;Vcl.Imaging;Vcl.Touch;Vcl.Samples;Vcl.Shell;System;Xml;Data;Datasnap;Web;Soap;Winapi;Data.Win;System.Win;$(DCC_Namespace)</DCC_Namespace>
        <VerInfo_IncludeVerInfo>true</VerInfo_IncludeVerInfo>
        <VerInfo_MajorVer>3</VerInfo_MajorVer>
        <VerInfo_MinorVer>8</VerInfo_MinorVer>
        <VerInfo_Release>9</VerInfo_Release>
        <VerInfo_Build>186</VerInfo_Build>
        <VerInfo_Locale>1049</VerInfo_Locale>
        <VerInfo_Keys>CompanyName=НПП &quot;Гранит-Центр&quot;;FileDescription=;FileVersion=3.8.9.186;InternalName=Гран-ВУР;LegalCopyright=;LegalTrademarks=;OriginalFilename=;ProductName=Гран-ВУР 3.82;ProductVersion=3.8.8.185;Comments=</VerInfo_Keys>
    </PropertyGroup>
    <PropertyGroup Condition="'$(Base_Win32)'!=''">
        <DCC_Namespace>Datasnap.Win;Web.Win;Soap.Win;Xml.Win;Bde;$(DCC_Namespace)</DCC_Namespace>
        <BT_BuildType>Debug</BT_BuildType>
        <VerInfo_IncludeVerInfo>true</VerInfo_IncludeVerInfo>
        <VerInfo_Keys>CompanyName=;FileDescription=$(MSBuildProjectName);FileVersion=1.0.0.0;InternalName=;LegalCopyright=;LegalTrademarks=;OriginalFilename=;ProductName=$(MSBuildProjectName);ProductVersion=1.0.0.0;Comments=;ProgramID=com.embarcadero.$(MSBuildProjectName)</VerInfo_Keys>
        <VerInfo_Locale>1033</VerInfo_Locale>
        <Manifest_File>$(BDS)\bin\default_app.manifest</Manifest_File>
        <Icon_MainIcon>GranVUS_Icon1.ico</Icon_MainIcon>
        <AppEnableRuntimeThemes>true</AppEnableRuntimeThemes>
        <UWP_DelphiLogo44>$(BDS)\bin\Artwork\Windows\UWP\delphi_UwpDefault_44.png</UWP_DelphiLogo44>
        <UWP_DelphiLogo150>$(BDS)\bin\Artwork\Windows\UWP\delphi_UwpDefault_150.png</UWP_DelphiLogo150>
    </PropertyGroup>
    <PropertyGroup Condition="'$(Base_Win64)'!=''">
        <Icon_MainIcon>GranVUS_Icon1.ico</Icon_MainIcon>
        <UWP_DelphiLogo44>$(BDS)\bin\Artwork\Windows\UWP\delphi_UwpDefault_44.png</UWP_DelphiLogo44>
        <UWP_DelphiLogo150>$(BDS)\bin\Artwork\Windows\UWP\delphi_UwpDefault_150.png</UWP_DelphiLogo150>
    </PropertyGroup>
    <PropertyGroup Condition="'$(Cfg_1)'!=''">
        <DCC_LocalDebugSymbols>false</DCC_LocalDebugSymbols>
        <DCC_Define>RELEASE;$(DCC_Define)</DCC_Define>
        <DCC_SymbolReferenceInfo>0</DCC_SymbolReferenceInfo>
        <DCC_DebugInformation>0</DCC_DebugInformation>
    </PropertyGroup>
    <PropertyGroup Condition="'$(Cfg_1_Win32)'!=''">
        <AppEnableRuntimeThemes>true</AppEnableRuntimeThemes>
        <AppDPIAwarenessMode>PerMonitorV2</AppDPIAwarenessMode>
    </PropertyGroup>
    <PropertyGroup Condition="'$(Cfg_2)'!=''">
        <DCC_Optimize>false</DCC_Optimize>
        <DCC_Define>DEBUG;D6_;$(DCC_Define)</DCC_Define>
    </PropertyGroup>
    <PropertyGroup Condition="'$(Cfg_2_Win32)'!=''">
        <AppEnableRuntimeThemes>true</AppEnableRuntimeThemes>
        <AppDPIAwarenessMode>PerMonitorV2</AppDPIAwarenessMode>
        <DCC_ExeOutput>E:\Program Files\GranVUS</DCC_ExeOutput>
        <VerInfo_Build>444</VerInfo_Build>
        <VerInfo_Locale>1033</VerInfo_Locale>
        <VerInfo_Keys>CompanyName=;FileDescription=$(MSBuildProjectName);FileVersion=3.8.9.444;InternalName=;LegalCopyright=;LegalTrademarks=;OriginalFilename=;ProductName=$(MSBuildProjectName);ProductVersion=1.0.0.0;Comments=;ProgramID=com.embarcadero.$(MSBuildProjectName)</VerInfo_Keys>
    </PropertyGroup>
    <ItemGroup>
        <DelphiCompile Include="$(MainSource)">
            <MainSource>MainSource</MainSource>
        </DelphiCompile>
        <RcCompile Include="RTF.RC">
            <ContainerId>RC</ContainerId>
            <Form>RTF.res</Form>
        </RcCompile>
        <DCCReference Include="fMain.pas">
            <Form>fmMain</Form>
        </DCCReference>
        <DCCReference Include="fAbout.pas">
            <Form>fmAbout</Form>
        </DCCReference>
        <DCCReference Include="Common\msg.pas"/>
        <DCCReference Include="dMain.pas">
            <Form>dmMain</Form>
            <DesignClass>TDataModule</DesignClass>
        </DCCReference>
        <DCCReference Include="fBaseLst.pas">
            <Form>fmBaseLst</Form>
        </DCCReference>
        <DCCReference Include="fCfgPlugIns.pas">
            <Form>fmCfgPlugIns</Form>
        </DCCReference>
        <DCCReference Include="fPersonCard.pas">
            <Form>fmPersonForm</Form>
        </DCCReference>
        <DCCReference Include="fPersLst.pas">
            <Form>fmPersonList</Form>
        </DCCReference>
        <DCCReference Include="fConfig.pas">
            <Form>fmConfig</Form>
        </DCCReference>
        <DCCReference Include="fGetPsw.pas">
            <Form>fmGetPsw</Form>
        </DCCReference>
        <DCCReference Include="fKbdMouHk.pas">
            <Form>fmKbdMouHk</Form>
        </DCCReference>
        <DCCReference Include="fRegister.pas">
            <Form>fmRegister</Form>
        </DCCReference>
        <DCCReference Include="fNav.pas">
            <Form>fmNav</Form>
        </DCCReference>
        <DCCReference Include="fFltMgr.pas">
            <Form>fmFltMgr</Form>
        </DCCReference>
        <DCCReference Include="fOrgPropOsnPer.pas">
            <Form>fmOrgPropOsnPer</Form>
        </DCCReference>
        <DCCReference Include="fOrgProp.pas">
            <Form>fmOrgProp</Form>
        </DCCReference>
        <DCCReference Include="fOrgPropCommon.pas">
            <Form>fmOrgPropCommon</Form>
        </DCCReference>
        <DCCReference Include="fOrgPropVoenkom.pas">
            <Form>fmOrgPropVoenkom</Form>
        </DCCReference>
        <DCCReference Include="fOrgPropOKONH.pas">
            <Form>fmOrgPropOKONH</Form>
        </DCCReference>
        <DCCReference Include="fEventList.pas">
            <Form>fmEventList</Form>
        </DCCReference>
        <DCCReference Include="fASAppointments.pas">
            <Form>fmASAppointments</Form>
        </DCCReference>
        <DCCReference Include="fUsers.pas">
            <Form>fmUsers</Form>
        </DCCReference>
        <DCCReference Include="fUserCard.pas">
            <Form>fmUserCard</Form>
        </DCCReference>
        <DCCReference Include="fEventFilter.pas">
            <Form>fmEventFilter</Form>
        </DCCReference>
        <DCCReference Include="dEventListPrint.pas">
            <Form>dmEventListPrint</Form>
            <DesignClass>TDataModule</DesignClass>
        </DCCReference>
        <DCCReference Include="fTPDP.pas">
            <Form>fmTPDP</Form>
        </DCCReference>
        <DCCReference Include="fTPDPPunkt.pas">
            <Form>fmTPDPPunkt</Form>
        </DCCReference>
        <DCCReference Include="fTPDPCond.pas">
            <Form>fmTPDPCond</Form>
        </DCCReference>
        <DCCReference Include="fTPDPPost.pas">
            <Form>fmTPDPPost</Form>
        </DCCReference>
        <DCCReference Include="dSPOBron.pas">
            <Form>dmSPOBron</Form>
            <DesignClass>TDataModule</DesignClass>
        </DCCReference>
        <DCCReference Include="Common\IniSupport.pas"/>
        <DCCReference Include="fSplashProgress.pas">
            <Form>frmSplashProgress</Form>
        </DCCReference>
        <DCCReference Include="uVERSION.pas"/>
        <DCCReference Include="fOrgVUZOnly.pas">
            <Form>fmOrgVUZOnly</Form>
        </DCCReference>
        <DCCReference Include="Crypt\CryptoAPI.pas"/>
        <DCCReference Include="fPersChangesLst.pas">
            <Form>fmPersonChangesList</Form>
        </DCCReference>
        <DCCReference Include="ColumnCustomize.pas">
            <Form>ColumnCustomizeForm</Form>
        </DCCReference>
        <DCCReference Include="fAppointments.pas">
            <Form>fmAppointments</Form>
        </DCCReference>
        <DCCReference Include="fParamDlg.pas">
            <Form>fmParamDlg</Form>
        </DCCReference>
        <DCCReference Include="fAsfMtr.pas">
            <Form>TfmAsfMtr</Form>
        </DCCReference>
        <DCCReference Include="fAsfMtrList.pas">
            <Form>fmAsfMtrList</Form>
        </DCCReference>
        <DCCReference Include="fASStaffList.pas">
            <Form>fmASStaffList</Form>
        </DCCReference>
        <DCCReference Include="fSetFilter.pas">
            <Form>fxSetFilter</Form>
        </DCCReference>
        <DCCReference Include="frmWUch1.pas">
            <Form>fWUch1</Form>
        </DCCReference>
        <DCCReference Include="frmWUch2.pas">
            <Form>fWUch2</Form>
        </DCCReference>
        <DCCReference Include="fMsgConfirm.pas">
            <Form>fMessageConfirm</Form>
        </DCCReference>
        <DCCReference Include="fStaffList.pas">
            <Form>fmStaffList</Form>
        </DCCReference>
        <DCCReference Include="Common\BirthDay.pas"/>
        <DCCReference Include="uMemoTable.pas"/>
        <DCCReference Include="fOrgPropContacts.pas">
            <Form>fmOrgPropContacts</Form>
        </DCCReference>
        <DCCReference Include="Common\Num2Str.pas"/>
        <DCCReference Include="fCorrectOkved.pas">
            <Form>fmCorrectOkved</Form>
        </DCCReference>
        <None Include="SQL\PersonMob.SQL">
            <ContainerId>File</ContainerId>
        </None>
        <None Include="SQL\PersonRecruit.SQL">
            <ContainerId>File</ContainerId>
        </None>
        <None Include="SQL\PersonReserv.SQL">
            <ContainerId>File</ContainerId>
        </None>
        <None Include="SQL\PersonReservChkInfo .sql">
            <ContainerId>File</ContainerId>
        </None>
        <None Include="SQL\PersonReservChkInfoBase .sql">
            <ContainerId>File</ContainerId>
        </None>
        <None Include="SQL\PersonWar.SQL">
            <ContainerId>File</ContainerId>
        </None>
        <BuildConfiguration Include="Debug">
            <Key>Cfg_2</Key>
            <CfgParent>Base</CfgParent>
        </BuildConfiguration>
        <BuildConfiguration Include="Base">
            <Key>Base</Key>
        </BuildConfiguration>
        <BuildConfiguration Include="Release">
            <Key>Cfg_1</Key>
            <CfgParent>Base</CfgParent>
        </BuildConfiguration>
    </ItemGroup>
    <Import Condition="Exists('$(BDS)\Bin\CodeGear.Delphi.Targets')" Project="$(BDS)\Bin\CodeGear.Delphi.Targets"/>
    <Import Condition="Exists('$(APPDATA)\Embarcadero\$(BDSAPPDATABASEDIR)\$(PRODUCTVERSION)\UserTools.proj')" Project="$(APPDATA)\Embarcadero\$(BDSAPPDATABASEDIR)\$(PRODUCTVERSION)\UserTools.proj"/>
    <ProjectExtensions>
        <Borland.Personality>Delphi.Personality.12</Borland.Personality>
        <Borland.ProjectType>VCLApplication</Borland.ProjectType>
        <BorlandProject>
            <Delphi.Personality>
                <Source>
                    <Source Name="MainSource">GranVUS.dpr</Source>
                </Source>
                <Parameters/>
                <VersionInfo>
                    <VersionInfo Name="IncludeVerInfo">True</VersionInfo>
                    <VersionInfo Name="AutoIncBuild">False</VersionInfo>
                    <VersionInfo Name="MajorVer">3</VersionInfo>
                    <VersionInfo Name="MinorVer">8</VersionInfo>
                    <VersionInfo Name="Release">9</VersionInfo>
                    <VersionInfo Name="Build">186</VersionInfo>
                    <VersionInfo Name="Debug">False</VersionInfo>
                    <VersionInfo Name="PreRelease">False</VersionInfo>
                    <VersionInfo Name="Special">False</VersionInfo>
                    <VersionInfo Name="Private">False</VersionInfo>
                    <VersionInfo Name="DLL">False</VersionInfo>
                    <VersionInfo Name="Locale">1049</VersionInfo>
                    <VersionInfo Name="CodePage">1251</VersionInfo>
                </VersionInfo>
                <VersionInfoKeys>
                    <VersionInfoKeys Name="CompanyName">НПП &quot;Гранит-Центр&quot;</VersionInfoKeys>
                    <VersionInfoKeys Name="FileDescription"/>
                    <VersionInfoKeys Name="FileVersion">3.8.9.186</VersionInfoKeys>
                    <VersionInfoKeys Name="InternalName">Гран-ВУР</VersionInfoKeys>
                    <VersionInfoKeys Name="LegalCopyright"/>
                    <VersionInfoKeys Name="LegalTrademarks"/>
                    <VersionInfoKeys Name="OriginalFilename"/>
                    <VersionInfoKeys Name="ProductName">Гран-ВУР 3.82</VersionInfoKeys>
                    <VersionInfoKeys Name="ProductVersion">3.8.8.185</VersionInfoKeys>
                    <VersionInfoKeys Name="Comments"/>
                </VersionInfoKeys>
                <Excluded_Packages>
                    <Excluded_Packages Name="$(BDSBIN)\dcloffice2k270.bpl">Microsoft Office 2000 Sample Automation Server Wrapper Components</Excluded_Packages>
                </Excluded_Packages>
            </Delphi.Personality>
            <Platforms>
                <Platform value="Win32">True</Platform>
                <Platform value="Win64">False</Platform>
            </Platforms>
        </BorlandProject>
        <ProjectFileVersion>12</ProjectFileVersion>
    </ProjectExtensions>
</Project>
